
Microsoft Visual Studio Solution File, Format Version 12.00
# Visual Studio Version 17
VisualStudioVersion = 17.9.34616.47
MinimumVisualStudioVersion = 10.0.40219.1
Project("{FAE04EC0-301F-11D3-BF4B-00C04F79EFBC}") = "PS3_XMB_Tools", "PS3_XMB_Tools.csproj", "{56E7F587-9E60-4049-BC89-622F18A3CC1D}"
EndProject
Global
	GlobalSection(SolutionConfigurationPlatforms) = preSolution
		Debug|Any CPU = Debug|Any CPU
		Release|Any CPU = Release|Any CPU
	EndGlobalSection
	GlobalSection(ProjectConfigurationPlatforms) = postSolution
		{56E7F587-9E60-4049-BC89-622F18A3CC1D}.Debug|Any CPU.ActiveCfg = Debug|Any CPU
		{56E7F587-9E60-4049-BC89-622F18A3CC1D}.Debug|Any CPU.Build.0 = Debug|Any CPU
		{56E7F587-9E60-4049-BC89-622F18A3CC1D}.Release|Any CPU.ActiveCfg = Release|Any CPU
		{56E7F587-9E60-4049-BC89-622F18A3CC1D}.Release|Any CPU.Build.0 = Release|Any CPU
	EndGlobalSection
	GlobalSection(SolutionProperties) = preSolution
		HideSolutionNode = FALSE
	EndGlobalSection
	GlobalSection(ExtensibilityGlobals) = postSolution
		SolutionGuid = {C8C61D4D-8480-4CF5-87BD-E4AA1E1D75C9}
	EndGlobalSection
EndGlobal
